PODS:
  - RTRootNavigationController (0.8.0):
    - RTRootNavigationController/Core (= 0.8.0)
  - RTRootNavigationController/Core (0.8.0)
  - SnapKit (5.6.0)
  - SQLite.swift (0.14.1):
    - SQLite.swift/standard (= 0.14.1)
  - SQLite.swift/standard (0.14.1)

DEPENDENCIES:
  - RTRootNavigationController (~> 0.8.0)
  - SnapKit (~> 5.6.0)
  - SQLite.swift (~> 0.14.1)

SPEC REPOS:
  https://github.com/Cocoapods/Specs.git:
    - RTRootNavigationController
    - SnapKit
    - SQLite.swift

SPEC CHECKSUMS:
  RTRootNavigationController: 36c6301870f0467f89d69f4286795340b537d473
  SnapKit: e01d52ebb8ddbc333eefe2132acf85c8227d9c25
  SQLite.swift: 2992550ebf3c5b268bf4352603e3df87d2a4ed72

PODFILE CHECKSUM: a8db8045e4a2aae2a2a6214d788ee55e77ad058b

COCOAPODS: 1.11.3
