PODS:
  - Masonry (1.1.0)
  - RTRootNavigationController (0.8.0):
    - RTRootNavigationController/Core (= 0.8.0)
  - RTRootNavigationController/Core (0.8.0)
  - SnapKit (5.6.0)

DEPENDENCIES:
  - Masonry (~> 1.1.0)
  - RTRootNavigationController (~> 0.8.0)
  - SnapKit (~> 5.6.0)

SPEC REPOS:
  https://github.com/Cocoapods/Specs.git:
    - Masonry
    - RTRootNavigationController
    - SnapKit

SPEC CHECKSUMS:
  Masonry: 678fab65091a9290e40e2832a55e7ab731aad201
  RTRootNavigationController: 36c6301870f0467f89d69f4286795340b537d473
  SnapKit: e01d52ebb8ddbc333eefe2132acf85c8227d9c25

PODFILE CHECKSUM: 6b5379f86c8d167a0055a6f4e3136d674cbc966a

COCOAPODS: 1.11.3
