// !$*UTF8*$!
{
	archiveVersion = 1;
	classes = {
	};
	objectVersion = 56;
	objects = {

/* Begin PBXBuildFile section */
		3444CE4029A6F63500AEA6E3 /* HomeTopControlView.swift in Sources */ = {isa = PBXBuildFile; fileRef = 3444CE3F29A6F63500AEA6E3 /* HomeTopControlView.swift */; };
		3444CE4229A6F64F00AEA6E3 /* HomeTopEditControlView.swift in Sources */ = {isa = PBXBuildFile; fileRef = 3444CE4129A6F64F00AEA6E3 /* HomeTopEditControlView.swift */; };
		3444CE4429A7341800AEA6E3 /* RootNavigationController.swift in Sources */ = {isa = PBXBuildFile; fileRef = 3444CE4329A7341800AEA6E3 /* RootNavigationController.swift */; };
		3444CE4629A7374800AEA6E3 /* IconLayerFactory.swift in Sources */ = {isa = PBXBuildFile; fileRef = 3444CE4529A7374800AEA6E3 /* IconLayerFactory.swift */; };
		3444CE5229A8835A00AEA6E3 /* IconSelectInputView.swift in Sources */ = {isa = PBXBuildFile; fileRef = 3444CE5129A8835A00AEA6E3 /* IconSelectInputView.swift */; };
		3444CE5929AC415A00AEA6E3 /* AlertController.swift in Sources */ = {isa = PBXBuildFile; fileRef = 3444CE5829AC415A00AEA6E3 /* AlertController.swift */; };
		344DC39F299A398100B8CF78 /* AppDelegate.swift in Sources */ = {isa = PBXBuildFile; fileRef = 344DC39E299A398100B8CF78 /* AppDelegate.swift */; };
		344DC3A8299A398400B8CF78 /* Assets.xcassets in Resources */ = {isa = PBXBuildFile; fileRef = 344DC3A7299A398400B8CF78 /* Assets.xcassets */; };
		344DC3B9299A39D600B8CF78 /* WidgetKit.framework in Frameworks */ = {isa = PBXBuildFile; fileRef = 344DC3B8299A39D600B8CF78 /* WidgetKit.framework */; };
		344DC3BB299A39D600B8CF78 /* SwiftUI.framework in Frameworks */ = {isa = PBXBuildFile; fileRef = 344DC3BA299A39D600B8CF78 /* SwiftUI.framework */; };
		344DC3BE299A39D600B8CF78 /* DailyBookKeepingWidgetBundle.swift in Sources */ = {isa = PBXBuildFile; fileRef = 344DC3BD299A39D600B8CF78 /* DailyBookKeepingWidgetBundle.swift */; };
		344DC3C0299A39D600B8CF78 /* DailyBookKeepingWidget.swift in Sources */ = {isa = PBXBuildFile; fileRef = 344DC3BF299A39D600B8CF78 /* DailyBookKeepingWidget.swift */; };
		344DC3C2299A39D800B8CF78 /* Assets.xcassets in Resources */ = {isa = PBXBuildFile; fileRef = 344DC3C1299A39D800B8CF78 /* Assets.xcassets */; };
		344DC3C6299A39D800B8CF78 /* DailyBookKeepingWidgetExtension.appex in Embed Foundation Extensions */ = {isa = PBXBuildFile; fileRef = 344DC3B6299A39D600B8CF78 /* DailyBookKeepingWidgetExtension.appex */; settings = {ATTRIBUTES = (RemoveHeadersOnCopy, ); }; };
		345860EE299DE971007AB54E /* LaunchScreen.storyboard in Resources */ = {isa = PBXBuildFile; fileRef = 345860ED299DE971007AB54E /* LaunchScreen.storyboard */; };
		34B4919D299B590400F8605F /* TsukushiBRoundGothicBold.otf in Resources */ = {isa = PBXBuildFile; fileRef = 34B4919C299B590400F8605F /* TsukushiBRoundGothicBold.otf */; };
		34B4919E299B590400F8605F /* TsukushiBRoundGothicBold.otf in Resources */ = {isa = PBXBuildFile; fileRef = 34B4919C299B590400F8605F /* TsukushiBRoundGothicBold.otf */; };
		34B491A6299B6DA500F8605F /* JDLangZhengTi-Semibold.ttf in Resources */ = {isa = PBXBuildFile; fileRef = 34B491A4299B6DA500F8605F /* JDLangZhengTi-Semibold.ttf */; };
		34B491A7299B6DA500F8605F /* JDLangZhengTi-Semibold.ttf in Resources */ = {isa = PBXBuildFile; fileRef = 34B491A4299B6DA500F8605F /* JDLangZhengTi-Semibold.ttf */; };
		34B491A8299B6DA500F8605F /* JDZhengHT-Regular.ttf in Resources */ = {isa = PBXBuildFile; fileRef = 34B491A5299B6DA500F8605F /* JDZhengHT-Regular.ttf */; };
		34B491A9299B6DA500F8605F /* JDZhengHT-Regular.ttf in Resources */ = {isa = PBXBuildFile; fileRef = 34B491A5299B6DA500F8605F /* JDZhengHT-Regular.ttf */; };
		34F8034C299F26790087829A /* PrefixHeader.swift in Sources */ = {isa = PBXBuildFile; fileRef = 34F8034B299F26790087829A /* PrefixHeader.swift */; };
		34F8034E299F48840087829A /* DBManager.swift in Sources */ = {isa = PBXBuildFile; fileRef = 34F8034D299F48840087829A /* DBManager.swift */; };
		34F80357299F785E0087829A /* AddCategoryViewController.swift in Sources */ = {isa = PBXBuildFile; fileRef = 34F80356299F785E0087829A /* AddCategoryViewController.swift */; };
		34F8037229A5AE4C0087829A /* DBProgressHUD.swift in Sources */ = {isa = PBXBuildFile; fileRef = 34F8037129A5AE4C0087829A /* DBProgressHUD.swift */; };
		840FC6BA29A08E2200505E56 /* RecordExpensesViewController.swift in Sources */ = {isa = PBXBuildFile; fileRef = 840FC6B929A08E2200505E56 /* RecordExpensesViewController.swift */; };
		840FC6D629A1CCC000505E56 /* NSObject+Extension.swift in Sources */ = {isa = PBXBuildFile; fileRef = 849E6F76299D2AA800562FC5 /* NSObject+Extension.swift */; };
		840FC6D729A3DBBA00505E56 /* HomeCategoryItemModel.swift in Sources */ = {isa = PBXBuildFile; fileRef = 849E6F8B29A07E5A00562FC5 /* HomeCategoryItemModel.swift */; };
		849E6F70299D1FEB00562FC5 /* BaseViewController.swift in Sources */ = {isa = PBXBuildFile; fileRef = 849E6F6F299D1FEB00562FC5 /* BaseViewController.swift */; };
		849E6F77299D2AA800562FC5 /* NSObject+Extension.swift in Sources */ = {isa = PBXBuildFile; fileRef = 849E6F76299D2AA800562FC5 /* NSObject+Extension.swift */; };
		849E6F83299FBC0300562FC5 /* HomeViewController.swift in Sources */ = {isa = PBXBuildFile; fileRef = 849E6F82299FBC0300562FC5 /* HomeViewController.swift */; };
		849E6F85299FBF6200562FC5 /* HomeCollectionViewCell.swift in Sources */ = {isa = PBXBuildFile; fileRef = 849E6F84299FBF6200562FC5 /* HomeCollectionViewCell.swift */; };
		849E6F8C29A07E5A00562FC5 /* HomeCategoryItemModel.swift in Sources */ = {isa = PBXBuildFile; fileRef = 849E6F8B29A07E5A00562FC5 /* HomeCategoryItemModel.swift */; };
		B09A0EAAB5DE2A6AEC80692D /* Pods_DailyBookKeeping.framework in Frameworks */ = {isa = PBXBuildFile; fileRef = 12EDB6CC05E9A47F3F0B92B6 /* Pods_DailyBookKeeping.framework */; };
		D4F3FF4010444E54D742FA11 /* Pods_DailyBookKeepingWidgetExtension.framework in Frameworks */ = {isa = PBXBuildFile; fileRef = ED113611843FEBB1AB602A20 /* Pods_DailyBookKeepingWidgetExtension.framework */; };
/* End PBXBuildFile section */

/* Begin PBXContainerItemProxy section */
		344DC3C4299A39D800B8CF78 /* PBXContainerItemProxy */ = {
			isa = PBXContainerItemProxy;
			containerPortal = 344DC393299A398100B8CF78 /* Project object */;
			proxyType = 1;
			remoteGlobalIDString = 344DC3B5299A39D600B8CF78;
			remoteInfo = DailyBookKeepingWidgetExtension;
		};
/* End PBXContainerItemProxy section */

/* Begin PBXCopyFilesBuildPhase section */
		344DC3CA299A39D800B8CF78 /* Embed Foundation Extensions */ = {
			isa = PBXCopyFilesBuildPhase;
			buildActionMask = 2147483647;
			dstPath = "";
			dstSubfolderSpec = 13;
			files = (
				344DC3C6299A39D800B8CF78 /* DailyBookKeepingWidgetExtension.appex in Embed Foundation Extensions */,
			);
			name = "Embed Foundation Extensions";
			runOnlyForDeploymentPostprocessing = 0;
		};
/* End PBXCopyFilesBuildPhase section */

/* Begin PBXFileReference section */
		12EDB6CC05E9A47F3F0B92B6 /* Pods_DailyBookKeeping.framework */ = {isa = PBXFileReference; explicitFileType = wrapper.framework; includeInIndex = 0; path = Pods_DailyBookKeeping.framework; sourceTree = BUILT_PRODUCTS_DIR; };
		3444CE3F29A6F63500AEA6E3 /* HomeTopControlView.swift */ = {isa = PBXFileReference; lastKnownFileType = sourcecode.swift; path = HomeTopControlView.swift; sourceTree = "<group>"; };
		3444CE4129A6F64F00AEA6E3 /* HomeTopEditControlView.swift */ = {isa = PBXFileReference; lastKnownFileType = sourcecode.swift; path = HomeTopEditControlView.swift; sourceTree = "<group>"; };
		3444CE4329A7341800AEA6E3 /* RootNavigationController.swift */ = {isa = PBXFileReference; lastKnownFileType = sourcecode.swift; path = RootNavigationController.swift; sourceTree = "<group>"; };
		3444CE4529A7374800AEA6E3 /* IconLayerFactory.swift */ = {isa = PBXFileReference; lastKnownFileType = sourcecode.swift; path = IconLayerFactory.swift; sourceTree = "<group>"; };
		3444CE5129A8835A00AEA6E3 /* IconSelectInputView.swift */ = {isa = PBXFileReference; lastKnownFileType = sourcecode.swift; path = IconSelectInputView.swift; sourceTree = "<group>"; };
		3444CE5829AC415A00AEA6E3 /* AlertController.swift */ = {isa = PBXFileReference; lastKnownFileType = sourcecode.swift; path = AlertController.swift; sourceTree = "<group>"; };
		344DC39B299A398100B8CF78 /* DailyBookKeeping.app */ = {isa = PBXFileReference; explicitFileType = wrapper.application; includeInIndex = 0; path = DailyBookKeeping.app; sourceTree = BUILT_PRODUCTS_DIR; };
		344DC39E299A398100B8CF78 /* AppDelegate.swift */ = {isa = PBXFileReference; lastKnownFileType = sourcecode.swift; path = AppDelegate.swift; sourceTree = "<group>"; };
		344DC3A7299A398400B8CF78 /* Assets.xcassets */ = {isa = PBXFileReference; lastKnownFileType = folder.assetcatalog; path = Assets.xcassets; sourceTree = "<group>"; };
		344DC3AC299A398400B8CF78 /* Info.plist */ = {isa = PBXFileReference; lastKnownFileType = text.plist.xml; path = Info.plist; sourceTree = "<group>"; };
		344DC3B6299A39D600B8CF78 /* DailyBookKeepingWidgetExtension.appex */ = {isa = PBXFileReference; explicitFileType = "wrapper.app-extension"; includeInIndex = 0; path = DailyBookKeepingWidgetExtension.appex; sourceTree = BUILT_PRODUCTS_DIR; };
		344DC3B8299A39D600B8CF78 /* WidgetKit.framework */ = {isa = PBXFileReference; lastKnownFileType = wrapper.framework; name = WidgetKit.framework; path = System/Library/Frameworks/WidgetKit.framework; sourceTree = SDKROOT; };
		344DC3BA299A39D600B8CF78 /* SwiftUI.framework */ = {isa = PBXFileReference; lastKnownFileType = wrapper.framework; name = SwiftUI.framework; path = System/Library/Frameworks/SwiftUI.framework; sourceTree = SDKROOT; };
		344DC3BD299A39D600B8CF78 /* DailyBookKeepingWidgetBundle.swift */ = {isa = PBXFileReference; lastKnownFileType = sourcecode.swift; path = DailyBookKeepingWidgetBundle.swift; sourceTree = "<group>"; };
		344DC3BF299A39D600B8CF78 /* DailyBookKeepingWidget.swift */ = {isa = PBXFileReference; lastKnownFileType = sourcecode.swift; path = DailyBookKeepingWidget.swift; sourceTree = "<group>"; };
		344DC3C1299A39D800B8CF78 /* Assets.xcassets */ = {isa = PBXFileReference; lastKnownFileType = folder.assetcatalog; path = Assets.xcassets; sourceTree = "<group>"; };
		344DC3C3299A39D800B8CF78 /* Info.plist */ = {isa = PBXFileReference; lastKnownFileType = text.plist.xml; path = Info.plist; sourceTree = "<group>"; };
		344DC3CC299A3C6500B8CF78 /* Debug.xcconfig */ = {isa = PBXFileReference; lastKnownFileType = text.xcconfig; path = Debug.xcconfig; sourceTree = "<group>"; };
		344DC3CE299A3CB000B8CF78 /* Release.xcconfig */ = {isa = PBXFileReference; lastKnownFileType = text.xcconfig; path = Release.xcconfig; sourceTree = "<group>"; };
		345860ED299DE971007AB54E /* LaunchScreen.storyboard */ = {isa = PBXFileReference; lastKnownFileType = file.storyboard; path = LaunchScreen.storyboard; sourceTree = "<group>"; };
		34B4919C299B590400F8605F /* TsukushiBRoundGothicBold.otf */ = {isa = PBXFileReference; lastKnownFileType = file; path = TsukushiBRoundGothicBold.otf; sourceTree = "<group>"; };
		34B491A4299B6DA500F8605F /* JDLangZhengTi-Semibold.ttf */ = {isa = PBXFileReference; lastKnownFileType = file; path = "JDLangZhengTi-Semibold.ttf"; sourceTree = "<group>"; };
		34B491A5299B6DA500F8605F /* JDZhengHT-Regular.ttf */ = {isa = PBXFileReference; lastKnownFileType = file; path = "JDZhengHT-Regular.ttf"; sourceTree = "<group>"; };
		34F8034B299F26790087829A /* PrefixHeader.swift */ = {isa = PBXFileReference; lastKnownFileType = sourcecode.swift; path = PrefixHeader.swift; sourceTree = "<group>"; };
		34F8034D299F48840087829A /* DBManager.swift */ = {isa = PBXFileReference; lastKnownFileType = sourcecode.swift; path = DBManager.swift; sourceTree = "<group>"; };
		34F80356299F785E0087829A /* AddCategoryViewController.swift */ = {isa = PBXFileReference; lastKnownFileType = sourcecode.swift; path = AddCategoryViewController.swift; sourceTree = "<group>"; };
		34F8037129A5AE4C0087829A /* DBProgressHUD.swift */ = {isa = PBXFileReference; lastKnownFileType = sourcecode.swift; path = DBProgressHUD.swift; sourceTree = "<group>"; };
		445D0B03A1D6E5B94F359AF6 /* Pods-DailyBookKeepingWidgetExtension.release.xcconfig */ = {isa = PBXFileReference; includeInIndex = 1; lastKnownFileType = text.xcconfig; name = "Pods-DailyBookKeepingWidgetExtension.release.xcconfig"; path = "Target Support Files/Pods-DailyBookKeepingWidgetExtension/Pods-DailyBookKeepingWidgetExtension.release.xcconfig"; sourceTree = "<group>"; };
		6D220D4CB14CEE6B3BBAD10D /* Pods-DailyBookKeeping.debug.xcconfig */ = {isa = PBXFileReference; includeInIndex = 1; lastKnownFileType = text.xcconfig; name = "Pods-DailyBookKeeping.debug.xcconfig"; path = "Target Support Files/Pods-DailyBookKeeping/Pods-DailyBookKeeping.debug.xcconfig"; sourceTree = "<group>"; };
		840FC6B929A08E2200505E56 /* RecordExpensesViewController.swift */ = {isa = PBXFileReference; lastKnownFileType = sourcecode.swift; path = RecordExpensesViewController.swift; sourceTree = "<group>"; };
		849E6F6D299BC47F00562FC5 /* DailyBookKeepingWidgetExtension.entitlements */ = {isa = PBXFileReference; lastKnownFileType = text.plist.entitlements; path = DailyBookKeepingWidgetExtension.entitlements; sourceTree = "<group>"; };
		849E6F6E299BC50400562FC5 /* DailyBookKeeping.entitlements */ = {isa = PBXFileReference; lastKnownFileType = text.plist.entitlements; path = DailyBookKeeping.entitlements; sourceTree = "<group>"; };
		849E6F6F299D1FEB00562FC5 /* BaseViewController.swift */ = {isa = PBXFileReference; lastKnownFileType = sourcecode.swift; path = BaseViewController.swift; sourceTree = "<group>"; };
		849E6F76299D2AA800562FC5 /* NSObject+Extension.swift */ = {isa = PBXFileReference; lastKnownFileType = sourcecode.swift; path = "NSObject+Extension.swift"; sourceTree = "<group>"; };
		849E6F82299FBC0300562FC5 /* HomeViewController.swift */ = {isa = PBXFileReference; lastKnownFileType = sourcecode.swift; path = HomeViewController.swift; sourceTree = "<group>"; };
		849E6F84299FBF6200562FC5 /* HomeCollectionViewCell.swift */ = {isa = PBXFileReference; lastKnownFileType = sourcecode.swift; path = HomeCollectionViewCell.swift; sourceTree = "<group>"; };
		849E6F8B29A07E5A00562FC5 /* HomeCategoryItemModel.swift */ = {isa = PBXFileReference; lastKnownFileType = sourcecode.swift; path = HomeCategoryItemModel.swift; sourceTree = "<group>"; };
		B14554E1460EC8B68ABB5DA3 /* Pods-DailyBookKeeping.release.xcconfig */ = {isa = PBXFileReference; includeInIndex = 1; lastKnownFileType = text.xcconfig; name = "Pods-DailyBookKeeping.release.xcconfig"; path = "Target Support Files/Pods-DailyBookKeeping/Pods-DailyBookKeeping.release.xcconfig"; sourceTree = "<group>"; };
		ED113611843FEBB1AB602A20 /* Pods_DailyBookKeepingWidgetExtension.framework */ = {isa = PBXFileReference; explicitFileType = wrapper.framework; includeInIndex = 0; path = Pods_DailyBookKeepingWidgetExtension.framework; sourceTree = BUILT_PRODUCTS_DIR; };
		F8C2870473D24DB9071CA979 /* Pods-DailyBookKeepingWidgetExtension.debug.xcconfig */ = {isa = PBXFileReference; includeInIndex = 1; lastKnownFileType = text.xcconfig; name = "Pods-DailyBookKeepingWidgetExtension.debug.xcconfig"; path = "Target Support Files/Pods-DailyBookKeepingWidgetExtension/Pods-DailyBookKeepingWidgetExtension.debug.xcconfig"; sourceTree = "<group>"; };
/* End PBXFileReference section */

/* Begin PBXFrameworksBuildPhase section */
		344DC398299A398100B8CF78 /* Frameworks */ = {
			isa = PBXFrameworksBuildPhase;
			buildActionMask = 2147483647;
			files = (
				B09A0EAAB5DE2A6AEC80692D /* Pods_DailyBookKeeping.framework in Frameworks */,
			);
			runOnlyForDeploymentPostprocessing = 0;
		};
		344DC3B3299A39D600B8CF78 /* Frameworks */ = {
			isa = PBXFrameworksBuildPhase;
			buildActionMask = 2147483647;
			files = (
				344DC3BB299A39D600B8CF78 /* SwiftUI.framework in Frameworks */,
				344DC3B9299A39D600B8CF78 /* WidgetKit.framework in Frameworks */,
				D4F3FF4010444E54D742FA11 /* Pods_DailyBookKeepingWidgetExtension.framework in Frameworks */,
			);
			runOnlyForDeploymentPostprocessing = 0;
		};
/* End PBXFrameworksBuildPhase section */

/* Begin PBXGroup section */
		3444CE5029A882FE00AEA6E3 /* View */ = {
			isa = PBXGroup;
			children = (
				3444CE5129A8835A00AEA6E3 /* IconSelectInputView.swift */,
			);
			path = View;
			sourceTree = "<group>";
		};
		344DC392299A398100B8CF78 = {
			isa = PBXGroup;
			children = (
				849E6F6D299BC47F00562FC5 /* DailyBookKeepingWidgetExtension.entitlements */,
				344DC39D299A398100B8CF78 /* DailyBookKeeping */,
				344DC3BC299A39D600B8CF78 /* DailyBookKeepingWidget */,
				344DC3B7299A39D600B8CF78 /* Frameworks */,
				344DC39C299A398100B8CF78 /* Products */,
				7EDC17DAD97186F83B7EEC13 /* Pods */,
			);
			sourceTree = "<group>";
		};
		344DC39C299A398100B8CF78 /* Products */ = {
			isa = PBXGroup;
			children = (
				344DC39B299A398100B8CF78 /* DailyBookKeeping.app */,
				344DC3B6299A39D600B8CF78 /* DailyBookKeepingWidgetExtension.appex */,
			);
			name = Products;
			sourceTree = "<group>";
		};
		344DC39D299A398100B8CF78 /* DailyBookKeeping */ = {
			isa = PBXGroup;
			children = (
				849E6F6E299BC50400562FC5 /* DailyBookKeeping.entitlements */,
				344DC39E299A398100B8CF78 /* AppDelegate.swift */,
				344DC3CB299A3C4F00B8CF78 /* Config */,
				345860EF299DE9F9007AB54E /* Base */,
				849E6F81299FBBE700562FC5 /* Classes */,
				849E6F71299D21BD00562FC5 /* Untils */,
				34B4919F299B5AB100F8605F /* Supporting Files */,
			);
			path = DailyBookKeeping;
			sourceTree = "<group>";
		};
		344DC3B7299A39D600B8CF78 /* Frameworks */ = {
			isa = PBXGroup;
			children = (
				344DC3B8299A39D600B8CF78 /* WidgetKit.framework */,
				344DC3BA299A39D600B8CF78 /* SwiftUI.framework */,
				12EDB6CC05E9A47F3F0B92B6 /* Pods_DailyBookKeeping.framework */,
				ED113611843FEBB1AB602A20 /* Pods_DailyBookKeepingWidgetExtension.framework */,
			);
			name = Frameworks;
			sourceTree = "<group>";
		};
		344DC3BC299A39D600B8CF78 /* DailyBookKeepingWidget */ = {
			isa = PBXGroup;
			children = (
				344DC3BD299A39D600B8CF78 /* DailyBookKeepingWidgetBundle.swift */,
				344DC3BF299A39D600B8CF78 /* DailyBookKeepingWidget.swift */,
				344DC3C1299A39D800B8CF78 /* Assets.xcassets */,
				344DC3C3299A39D800B8CF78 /* Info.plist */,
			);
			path = DailyBookKeepingWidget;
			sourceTree = "<group>";
		};
		344DC3CB299A3C4F00B8CF78 /* Config */ = {
			isa = PBXGroup;
			children = (
				344DC3CC299A3C6500B8CF78 /* Debug.xcconfig */,
				344DC3CE299A3CB000B8CF78 /* Release.xcconfig */,
			);
			path = Config;
			sourceTree = "<group>";
		};
		345860EF299DE9F9007AB54E /* Base */ = {
			isa = PBXGroup;
			children = (
				849E6F6F299D1FEB00562FC5 /* BaseViewController.swift */,
				3444CE4329A7341800AEA6E3 /* RootNavigationController.swift */,
			);
			path = Base;
			sourceTree = "<group>";
		};
		34B4918B299B50B900F8605F /* Fonts */ = {
			isa = PBXGroup;
			children = (
				34B4919C299B590400F8605F /* TsukushiBRoundGothicBold.otf */,
				34B491A4299B6DA500F8605F /* JDLangZhengTi-Semibold.ttf */,
				34B491A5299B6DA500F8605F /* JDZhengHT-Regular.ttf */,
			);
			path = Fonts;
			sourceTree = "<group>";
		};
		34B4919F299B5AB100F8605F /* Supporting Files */ = {
			isa = PBXGroup;
			children = (
				34B4918B299B50B900F8605F /* Fonts */,
				344DC3A7299A398400B8CF78 /* Assets.xcassets */,
				345860ED299DE971007AB54E /* LaunchScreen.storyboard */,
				344DC3AC299A398400B8CF78 /* Info.plist */,
			);
			name = "Supporting Files";
			sourceTree = "<group>";
		};
		34F8034F299F5B680087829A /* SQLite */ = {
			isa = PBXGroup;
			children = (
				34F8034D299F48840087829A /* DBManager.swift */,
			);
			path = SQLite;
			sourceTree = "<group>";
		};
		7EDC17DAD97186F83B7EEC13 /* Pods */ = {
			isa = PBXGroup;
			children = (
				6D220D4CB14CEE6B3BBAD10D /* Pods-DailyBookKeeping.debug.xcconfig */,
				B14554E1460EC8B68ABB5DA3 /* Pods-DailyBookKeeping.release.xcconfig */,
				F8C2870473D24DB9071CA979 /* Pods-DailyBookKeepingWidgetExtension.debug.xcconfig */,
				445D0B03A1D6E5B94F359AF6 /* Pods-DailyBookKeepingWidgetExtension.release.xcconfig */,
			);
			path = Pods;
			sourceTree = "<group>";
		};
		840FC6B729A08DE500505E56 /* RecordExpenses  */ = {
			isa = PBXGroup;
			children = (
				840FC6B829A08E0900505E56 /* Controller */,
			);
			path = "RecordExpenses ";
			sourceTree = "<group>";
		};
		840FC6B829A08E0900505E56 /* Controller */ = {
			isa = PBXGroup;
			children = (
				840FC6B929A08E2200505E56 /* RecordExpensesViewController.swift */,
			);
			path = Controller;
			sourceTree = "<group>";
		};
		849E6F71299D21BD00562FC5 /* Untils */ = {
			isa = PBXGroup;
			children = (
				34F8034F299F5B680087829A /* SQLite */,
				849E6F76299D2AA800562FC5 /* NSObject+Extension.swift */,
				34F8034B299F26790087829A /* PrefixHeader.swift */,
				34F8037129A5AE4C0087829A /* DBProgressHUD.swift */,
				3444CE4529A7374800AEA6E3 /* IconLayerFactory.swift */,
				3444CE5829AC415A00AEA6E3 /* AlertController.swift */,
			);
			path = Untils;
			sourceTree = "<group>";
		};
		849E6F7E299FBBAE00562FC5 /* Controller */ = {
			isa = PBXGroup;
			children = (
				849E6F82299FBC0300562FC5 /* HomeViewController.swift */,
			);
			path = Controller;
			sourceTree = "<group>";
		};
		849E6F7F299FBBD300562FC5 /* Model */ = {
			isa = PBXGroup;
			children = (
				849E6F8B29A07E5A00562FC5 /* HomeCategoryItemModel.swift */,
			);
			path = Model;
			sourceTree = "<group>";
		};
		849E6F80299FBBDA00562FC5 /* View */ = {
			isa = PBXGroup;
			children = (
				849E6F84299FBF6200562FC5 /* HomeCollectionViewCell.swift */,
				3444CE3F29A6F63500AEA6E3 /* HomeTopControlView.swift */,
				3444CE4129A6F64F00AEA6E3 /* HomeTopEditControlView.swift */,
			);
			path = View;
			sourceTree = "<group>";
		};
		849E6F81299FBBE700562FC5 /* Classes */ = {
			isa = PBXGroup;
			children = (
				840FC6B729A08DE500505E56 /* RecordExpenses  */,
				849E6F88299FC8BD00562FC5 /* Home */,
				849E6F89299FC8C900562FC5 /* AddCategory */,
			);
			path = Classes;
			sourceTree = "<group>";
		};
		849E6F88299FC8BD00562FC5 /* Home */ = {
			isa = PBXGroup;
			children = (
				849E6F7E299FBBAE00562FC5 /* Controller */,
				849E6F80299FBBDA00562FC5 /* View */,
				849E6F7F299FBBD300562FC5 /* Model */,
			);
			path = Home;
			sourceTree = "<group>";
		};
		849E6F89299FC8C900562FC5 /* AddCategory */ = {
			isa = PBXGroup;
			children = (
				3444CE5029A882FE00AEA6E3 /* View */,
				849E6F8A299FC8D900562FC5 /* Controller */,
			);
			path = AddCategory;
			sourceTree = "<group>";
		};
		849E6F8A299FC8D900562FC5 /* Controller */ = {
			isa = PBXGroup;
			children = (
				34F80356299F785E0087829A /* AddCategoryViewController.swift */,
			);
			path = Controller;
			sourceTree = "<group>";
		};
/* End PBXGroup section */

/* Begin PBXNativeTarget section */
		344DC39A299A398100B8CF78 /* DailyBookKeeping */ = {
			isa = PBXNativeTarget;
			buildConfigurationList = 344DC3AF299A398400B8CF78 /* Build configuration list for PBXNativeTarget "DailyBookKeeping" */;
			buildPhases = (
				8C1844DC50E1B85787FDC9C4 /* [CP] Check Pods Manifest.lock */,
				344DC397299A398100B8CF78 /* Sources */,
				344DC398299A398100B8CF78 /* Frameworks */,
				344DC399299A398100B8CF78 /* Resources */,
				344DC3CA299A39D800B8CF78 /* Embed Foundation Extensions */,
				CD487AF6E8603598FD22EEEE /* [CP] Embed Pods Frameworks */,
			);
			buildRules = (
			);
			dependencies = (
				344DC3C5299A39D800B8CF78 /* PBXTargetDependency */,
			);
			name = DailyBookKeeping;
			productName = DailyBookKeeping;
			productReference = 344DC39B299A398100B8CF78 /* DailyBookKeeping.app */;
			productType = "com.apple.product-type.application";
		};
		344DC3B5299A39D600B8CF78 /* DailyBookKeepingWidgetExtension */ = {
			isa = PBXNativeTarget;
			buildConfigurationList = 344DC3C7299A39D800B8CF78 /* Build configuration list for PBXNativeTarget "DailyBookKeepingWidgetExtension" */;
			buildPhases = (
				FF96E28FB6D28791E9CE843C /* [CP] Check Pods Manifest.lock */,
				344DC3B2299A39D600B8CF78 /* Sources */,
				344DC3B3299A39D600B8CF78 /* Frameworks */,
				344DC3B4299A39D600B8CF78 /* Resources */,
			);
			buildRules = (
			);
			dependencies = (
			);
			name = DailyBookKeepingWidgetExtension;
			productName = DailyBookKeepingWidgetExtension;
			productReference = 344DC3B6299A39D600B8CF78 /* DailyBookKeepingWidgetExtension.appex */;
			productType = "com.apple.product-type.app-extension";
		};
/* End PBXNativeTarget section */

/* Begin PBXProject section */
		344DC393299A398100B8CF78 /* Project object */ = {
			isa = PBXProject;
			attributes = {
				BuildIndependentTargetsInParallel = 1;
				LastSwiftUpdateCheck = 1420;
				LastUpgradeCheck = 1420;
				TargetAttributes = {
					344DC39A299A398100B8CF78 = {
						CreatedOnToolsVersion = 14.2;
					};
					344DC3B5299A39D600B8CF78 = {
						CreatedOnToolsVersion = 14.2;
					};
				};
			};
			buildConfigurationList = 344DC396299A398100B8CF78 /* Build configuration list for PBXProject "DailyBookKeeping" */;
			compatibilityVersion = "Xcode 14.0";
			developmentRegion = en;
			hasScannedForEncodings = 0;
			knownRegions = (
				en,
				Base,
			);
			mainGroup = 344DC392299A398100B8CF78;
			productRefGroup = 344DC39C299A398100B8CF78 /* Products */;
			projectDirPath = "";
			projectRoot = "";
			targets = (
				344DC39A299A398100B8CF78 /* DailyBookKeeping */,
				344DC3B5299A39D600B8CF78 /* DailyBookKeepingWidgetExtension */,
			);
		};
/* End PBXProject section */

/* Begin PBXResourcesBuildPhase section */
		344DC399299A398100B8CF78 /* Resources */ = {
			isa = PBXResourcesBuildPhase;
			buildActionMask = 2147483647;
			files = (
				34B4919D299B590400F8605F /* TsukushiBRoundGothicBold.otf in Resources */,
				344DC3A8299A398400B8CF78 /* Assets.xcassets in Resources */,
				34B491A6299B6DA500F8605F /* JDLangZhengTi-Semibold.ttf in Resources */,
				345860EE299DE971007AB54E /* LaunchScreen.storyboard in Resources */,
				34B491A8299B6DA500F8605F /* JDZhengHT-Regular.ttf in Resources */,
			);
			runOnlyForDeploymentPostprocessing = 0;
		};
		344DC3B4299A39D600B8CF78 /* Resources */ = {
			isa = PBXResourcesBuildPhase;
			buildActionMask = 2147483647;
			files = (
				34B4919E299B590400F8605F /* TsukushiBRoundGothicBold.otf in Resources */,
				34B491A7299B6DA500F8605F /* JDLangZhengTi-Semibold.ttf in Resources */,
				34B491A9299B6DA500F8605F /* JDZhengHT-Regular.ttf in Resources */,
				344DC3C2299A39D800B8CF78 /* Assets.xcassets in Resources */,
			);
			runOnlyForDeploymentPostprocessing = 0;
		};
/* End PBXResourcesBuildPhase section */

/* Begin PBXShellScriptBuildPhase section */
		8C1844DC50E1B85787FDC9C4 /* [CP] Check Pods Manifest.lock */ = {
			isa = PBXShellScriptBuildPhase;
			buildActionMask = 2147483647;
			files = (
			);
			inputFileListPaths = (
			);
			inputPaths = (
				"${PODS_PODFILE_DIR_PATH}/Podfile.lock",
				"${PODS_ROOT}/Manifest.lock",
			);
			name = "[CP] Check Pods Manifest.lock";
			outputFileListPaths = (
			);
			outputPaths = (
				"$(DERIVED_FILE_DIR)/Pods-DailyBookKeeping-checkManifestLockResult.txt",
			);
			runOnlyForDeploymentPostprocessing = 0;
			shellPath = /bin/sh;
			shellScript = "diff \"${PODS_PODFILE_DIR_PATH}/Podfile.lock\" \"${PODS_ROOT}/Manifest.lock\" > /dev/null\nif [ $? != 0 ] ; then\n    # print error to STDERR\n    echo \"error: The sandbox is not in sync with the Podfile.lock. Run 'pod install' or update your CocoaPods installation.\" >&2\n    exit 1\nfi\n# This output is used by Xcode 'outputs' to avoid re-running this script phase.\necho \"SUCCESS\" > \"${SCRIPT_OUTPUT_FILE_0}\"\n";
			showEnvVarsInLog = 0;
		};
		CD487AF6E8603598FD22EEEE /* [CP] Embed Pods Frameworks */ = {
			isa = PBXShellScriptBuildPhase;
			buildActionMask = 2147483647;
			files = (
			);
			inputFileListPaths = (
				"${PODS_ROOT}/Target Support Files/Pods-DailyBookKeeping/Pods-DailyBookKeeping-frameworks-${CONFIGURATION}-input-files.xcfilelist",
			);
			name = "[CP] Embed Pods Frameworks";
			outputFileListPaths = (
				"${PODS_ROOT}/Target Support Files/Pods-DailyBookKeeping/Pods-DailyBookKeeping-frameworks-${CONFIGURATION}-output-files.xcfilelist",
			);
			runOnlyForDeploymentPostprocessing = 0;
			shellPath = /bin/sh;
			shellScript = "\"${PODS_ROOT}/Target Support Files/Pods-DailyBookKeeping/Pods-DailyBookKeeping-frameworks.sh\"\n";
			showEnvVarsInLog = 0;
		};
		FF96E28FB6D28791E9CE843C /* [CP] Check Pods Manifest.lock */ = {
			isa = PBXShellScriptBuildPhase;
			buildActionMask = 2147483647;
			files = (
			);
			inputFileListPaths = (
			);
			inputPaths = (
				"${PODS_PODFILE_DIR_PATH}/Podfile.lock",
				"${PODS_ROOT}/Manifest.lock",
			);
			name = "[CP] Check Pods Manifest.lock";
			outputFileListPaths = (
			);
			outputPaths = (
				"$(DERIVED_FILE_DIR)/Pods-DailyBookKeepingWidgetExtension-checkManifestLockResult.txt",
			);
			runOnlyForDeploymentPostprocessing = 0;
			shellPath = /bin/sh;
			shellScript = "diff \"${PODS_PODFILE_DIR_PATH}/Podfile.lock\" \"${PODS_ROOT}/Manifest.lock\" > /dev/null\nif [ $? != 0 ] ; then\n    # print error to STDERR\n    echo \"error: The sandbox is not in sync with the Podfile.lock. Run 'pod install' or update your CocoaPods installation.\" >&2\n    exit 1\nfi\n# This output is used by Xcode 'outputs' to avoid re-running this script phase.\necho \"SUCCESS\" > \"${SCRIPT_OUTPUT_FILE_0}\"\n";
			showEnvVarsInLog = 0;
		};
/* End PBXShellScriptBuildPhase section */

/* Begin PBXSourcesBuildPhase section */
		344DC397299A398100B8CF78 /* Sources */ = {
			isa = PBXSourcesBuildPhase;
			buildActionMask = 2147483647;
			files = (
				3444CE4029A6F63500AEA6E3 /* HomeTopControlView.swift in Sources */,
				34F8034C299F26790087829A /* PrefixHeader.swift in Sources */,
				840FC6BA29A08E2200505E56 /* RecordExpensesViewController.swift in Sources */,
				34F8037229A5AE4C0087829A /* DBProgressHUD.swift in Sources */,
				34F8034E299F48840087829A /* DBManager.swift in Sources */,
				344DC39F299A398100B8CF78 /* AppDelegate.swift in Sources */,
				849E6F85299FBF6200562FC5 /* HomeCollectionViewCell.swift in Sources */,
				34F80357299F785E0087829A /* AddCategoryViewController.swift in Sources */,
				3444CE5929AC415A00AEA6E3 /* AlertController.swift in Sources */,
				3444CE5229A8835A00AEA6E3 /* IconSelectInputView.swift in Sources */,
				3444CE4429A7341800AEA6E3 /* RootNavigationController.swift in Sources */,
				849E6F70299D1FEB00562FC5 /* BaseViewController.swift in Sources */,
				3444CE4629A7374800AEA6E3 /* IconLayerFactory.swift in Sources */,
				849E6F83299FBC0300562FC5 /* HomeViewController.swift in Sources */,
				849E6F8C29A07E5A00562FC5 /* HomeCategoryItemModel.swift in Sources */,
				849E6F77299D2AA800562FC5 /* NSObject+Extension.swift in Sources */,
				3444CE4229A6F64F00AEA6E3 /* HomeTopEditControlView.swift in Sources */,
			);
			runOnlyForDeploymentPostprocessing = 0;
		};
		344DC3B2299A39D600B8CF78 /* Sources */ = {
			isa = PBXSourcesBuildPhase;
			buildActionMask = 2147483647;
			files = (
				344DC3C0299A39D600B8CF78 /* DailyBookKeepingWidget.swift in Sources */,
				840FC6D729A3DBBA00505E56 /* HomeCategoryItemModel.swift in Sources */,
				344DC3BE299A39D600B8CF78 /* DailyBookKeepingWidgetBundle.swift in Sources */,
				840FC6D629A1CCC000505E56 /* NSObject+Extension.swift in Sources */,
			);
			runOnlyForDeploymentPostprocessing = 0;
		};
/* End PBXSourcesBuildPhase section */

/* Begin PBXTargetDependency section */
		344DC3C5299A39D800B8CF78 /* PBXTargetDependency */ = {
			isa = PBXTargetDependency;
			target = 344DC3B5299A39D600B8CF78 /* DailyBookKeepingWidgetExtension */;
			targetProxy = 344DC3C4299A39D800B8CF78 /* PBXContainerItemProxy */;
		};
/* End PBXTargetDependency section */

/* Begin XCBuildConfiguration section */
		344DC3AD299A398400B8CF78 /* Debug */ = {
			isa = XCBuildConfiguration;
			baseConfigurationReference = 344DC3CC299A3C6500B8CF78 /* Debug.xcconfig */;
			buildSettings = {
				ALWAYS_SEARCH_USER_PATHS = NO;
				CLANG_ANALYZER_NONNULL = YES;
				CLANG_ANALYZER_NUMBER_OBJECT_CONVERSION = YES_AGGRESSIVE;
				CLANG_CXX_LANGUAGE_STANDARD = "gnu++20";
				CLANG_ENABLE_MODULES = YES;
				CLANG_ENABLE_OBJC_ARC = YES;
				CLANG_ENABLE_OBJC_WEAK = YES;
				CLANG_WARN_BLOCK_CAPTURE_AUTORELEASING = YES;
				CLANG_WARN_BOOL_CONVERSION = YES;
				CLANG_WARN_COMMA = YES;
				CLANG_WARN_CONSTANT_CONVERSION = YES;
				CLANG_WARN_DEPRECATED_OBJC_IMPLEMENTATIONS = YES;
				CLANG_WARN_DIRECT_OBJC_ISA_USAGE = YES_ERROR;
				CLANG_WARN_DOCUMENTATION_COMMENTS = YES;
				CLANG_WARN_EMPTY_BODY = YES;
				CLANG_WARN_ENUM_CONVERSION = YES;
				CLANG_WARN_INFINITE_RECURSION = YES;
				CLANG_WARN_INT_CONVERSION = YES;
				CLANG_WARN_NON_LITERAL_NULL_CONVERSION = YES;
				CLANG_WARN_OBJC_IMPLICIT_RETAIN_SELF = YES;
				CLANG_WARN_OBJC_LITERAL_CONVERSION = YES;
				CLANG_WARN_OBJC_ROOT_CLASS = YES_ERROR;
				CLANG_WARN_QUOTED_INCLUDE_IN_FRAMEWORK_HEADER = YES;
				CLANG_WARN_RANGE_LOOP_ANALYSIS = YES;
				CLANG_WARN_STRICT_PROTOTYPES = YES;
				CLANG_WARN_SUSPICIOUS_MOVE = YES;
				CLANG_WARN_UNGUARDED_AVAILABILITY = YES_AGGRESSIVE;
				CLANG_WARN_UNREACHABLE_CODE = YES;
				CLANG_WARN__DUPLICATE_METHOD_MATCH = YES;
				COPY_PHASE_STRIP = NO;
				DEBUG_INFORMATION_FORMAT = dwarf;
				ENABLE_STRICT_OBJC_MSGSEND = YES;
				ENABLE_TESTABILITY = YES;
				GCC_C_LANGUAGE_STANDARD = gnu11;
				GCC_DYNAMIC_NO_PIC = NO;
				GCC_NO_COMMON_BLOCKS = YES;
				GCC_OPTIMIZATION_LEVEL = 0;
				GCC_PREPROCESSOR_DEFINITIONS = (
					"DEBUG=1",
					"$(inherited)",
				);
				GCC_WARN_64_TO_32_BIT_CONVERSION = YES;
				GCC_WARN_ABOUT_RETURN_TYPE = YES_ERROR;
				GCC_WARN_UNDECLARED_SELECTOR = YES;
				GCC_WARN_UNINITIALIZED_AUTOS = YES_AGGRESSIVE;
				GCC_WARN_UNUSED_FUNCTION = YES;
				GCC_WARN_UNUSED_VARIABLE = YES;
				IPHONEOS_DEPLOYMENT_TARGET = 14.0;
				MTL_ENABLE_DEBUG_INFO = INCLUDE_SOURCE;
				MTL_FAST_MATH = YES;
				ONLY_ACTIVE_ARCH = YES;
				SDKROOT = iphoneos;
				SWIFT_ACTIVE_COMPILATION_CONDITIONS = DEBUG;
				SWIFT_OPTIMIZATION_LEVEL = "-Onone";
			};
			name = Debug;
		};
		344DC3AE299A398400B8CF78 /* Release */ = {
			isa = XCBuildConfiguration;
			baseConfigurationReference = 344DC3CE299A3CB000B8CF78 /* Release.xcconfig */;
			buildSettings = {
				ALWAYS_SEARCH_USER_PATHS = NO;
				CLANG_ANALYZER_NONNULL = YES;
				CLANG_ANALYZER_NUMBER_OBJECT_CONVERSION = YES_AGGRESSIVE;
				CLANG_CXX_LANGUAGE_STANDARD = "gnu++20";
				CLANG_ENABLE_MODULES = YES;
				CLANG_ENABLE_OBJC_ARC = YES;
				CLANG_ENABLE_OBJC_WEAK = YES;
				CLANG_WARN_BLOCK_CAPTURE_AUTORELEASING = YES;
				CLANG_WARN_BOOL_CONVERSION = YES;
				CLANG_WARN_COMMA = YES;
				CLANG_WARN_CONSTANT_CONVERSION = YES;
				CLANG_WARN_DEPRECATED_OBJC_IMPLEMENTATIONS = YES;
				CLANG_WARN_DIRECT_OBJC_ISA_USAGE = YES_ERROR;
				CLANG_WARN_DOCUMENTATION_COMMENTS = YES;
				CLANG_WARN_EMPTY_BODY = YES;
				CLANG_WARN_ENUM_CONVERSION = YES;
				CLANG_WARN_INFINITE_RECURSION = YES;
				CLANG_WARN_INT_CONVERSION = YES;
				CLANG_WARN_NON_LITERAL_NULL_CONVERSION = YES;
				CLANG_WARN_OBJC_IMPLICIT_RETAIN_SELF = YES;
				CLANG_WARN_OBJC_LITERAL_CONVERSION = YES;
				CLANG_WARN_OBJC_ROOT_CLASS = YES_ERROR;
				CLANG_WARN_QUOTED_INCLUDE_IN_FRAMEWORK_HEADER = YES;
				CLANG_WARN_RANGE_LOOP_ANALYSIS = YES;
				CLANG_WARN_STRICT_PROTOTYPES = YES;
				CLANG_WARN_SUSPICIOUS_MOVE = YES;
				CLANG_WARN_UNGUARDED_AVAILABILITY = YES_AGGRESSIVE;
				CLANG_WARN_UNREACHABLE_CODE = YES;
				CLANG_WARN__DUPLICATE_METHOD_MATCH = YES;
				COPY_PHASE_STRIP = NO;
				DEBUG_INFORMATION_FORMAT = "dwarf-with-dsym";
				ENABLE_NS_ASSERTIONS = NO;
				ENABLE_STRICT_OBJC_MSGSEND = YES;
				GCC_C_LANGUAGE_STANDARD = gnu11;
				GCC_NO_COMMON_BLOCKS = YES;
				GCC_WARN_64_TO_32_BIT_CONVERSION = YES;
				GCC_WARN_ABOUT_RETURN_TYPE = YES_ERROR;
				GCC_WARN_UNDECLARED_SELECTOR = YES;
				GCC_WARN_UNINITIALIZED_AUTOS = YES_AGGRESSIVE;
				GCC_WARN_UNUSED_FUNCTION = YES;
				GCC_WARN_UNUSED_VARIABLE = YES;
				IPHONEOS_DEPLOYMENT_TARGET = 14.0;
				MTL_ENABLE_DEBUG_INFO = NO;
				MTL_FAST_MATH = YES;
				SDKROOT = iphoneos;
				SWIFT_COMPILATION_MODE = wholemodule;
				SWIFT_OPTIMIZATION_LEVEL = "-O";
				VALIDATE_PRODUCT = YES;
			};
			name = Release;
		};
		344DC3B0299A398400B8CF78 /* Debug */ = {
			isa = XCBuildConfiguration;
			baseConfigurationReference = 6D220D4CB14CEE6B3BBAD10D /* Pods-DailyBookKeeping.debug.xcconfig */;
			buildSettings = {
				ALWAYS_EMBED_SWIFT_STANDARD_LIBRARIES = "$(inherited)";
				ASSETCATALOG_COMPILER_APPICON_NAME = AppIcon;
				ASSETCATALOG_COMPILER_GLOBAL_ACCENT_COLOR_NAME = AccentColor;
				CODE_SIGN_ENTITLEMENTS = DailyBookKeeping/DailyBookKeeping.entitlements;
				CODE_SIGN_STYLE = Automatic;
				CURRENT_PROJECT_VERSION = $BUILD_NUMBER;
				DEVELOPMENT_TEAM = 6664853H9Q;
				FRAMEWORK_SEARCH_PATHS = (
					"\"${PODS_CONFIGURATION_BUILD_DIR}/SnapKit\"",
					"$(inherited)",
				);
				GENERATE_INFOPLIST_FILE = YES;
				HEADER_SEARCH_PATHS = (
					"\"${PODS_CONFIGURATION_BUILD_DIR}/SnapKit/SnapKit.framework/Headers\"",
					"$(inherited)",
				);
				INFOPLIST_FILE = DailyBookKeeping/Info.plist;
				INFOPLIST_KEY_CFBundleDisplayName = "迷你记账";
				INFOPLIST_KEY_UIApplicationSupportsIndirectInputEvents = YES;
				INFOPLIST_KEY_UILaunchStoryboardName = LaunchScreen;
				INFOPLIST_KEY_UIStatusBarHidden = YES;
				INFOPLIST_KEY_UIStatusBarStyle = "";
				INFOPLIST_KEY_UISupportedInterfaceOrientations = UIInterfaceOrientationPortrait;
				INFOPLIST_KEY_UISupportedInterfaceOrientations_iPad = "UIInterfaceOrientationLandscapeLeft UIInterfaceOrientationLandscapeRight UIInterfaceOrientationPortrait UIInterfaceOrientationPortraitUpsideDown";
				IPHONEOS_DEPLOYMENT_TARGET = 14.0;
				LD_RUNPATH_SEARCH_PATHS = (
					"$(inherited)",
					"@executable_path/Frameworks",
				);
				MARKETING_VERSION = $VERSION;
				OTHER_LDFLAGS = (
					"$(inherited)",
					"-framework",
					"\"SnapKit\"",
				);
				PRODUCT_BUNDLE_IDENTIFIER = com.jiayaning.DailyBookKeeping;
				PRODUCT_NAME = "$(TARGET_NAME)";
				SUPPORTED_PLATFORMS = "iphoneos iphonesimulator";
				SUPPORTS_MACCATALYST = NO;
				SUPPORTS_MAC_DESIGNED_FOR_IPHONE_IPAD = NO;
				SWIFT_EMIT_LOC_STRINGS = YES;
				SWIFT_VERSION = 5.0;
				TARGETED_DEVICE_FAMILY = 1;
				VERSION = $VERSION;
			};
			name = Debug;
		};
		344DC3B1299A398400B8CF78 /* Release */ = {
			isa = XCBuildConfiguration;
			baseConfigurationReference = B14554E1460EC8B68ABB5DA3 /* Pods-DailyBookKeeping.release.xcconfig */;
			buildSettings = {
				ALWAYS_EMBED_SWIFT_STANDARD_LIBRARIES = "$(inherited)";
				ASSETCATALOG_COMPILER_APPICON_NAME = AppIcon;
				ASSETCATALOG_COMPILER_GLOBAL_ACCENT_COLOR_NAME = AccentColor;
				CODE_SIGN_ENTITLEMENTS = DailyBookKeeping/DailyBookKeeping.entitlements;
				CODE_SIGN_STYLE = Automatic;
				CURRENT_PROJECT_VERSION = $BUILD_NUMBER;
				DEVELOPMENT_TEAM = 6664853H9Q;
				FRAMEWORK_SEARCH_PATHS = (
					"\"${PODS_CONFIGURATION_BUILD_DIR}/SnapKit\"",
					"$(inherited)",
				);
				GENERATE_INFOPLIST_FILE = YES;
				HEADER_SEARCH_PATHS = (
					"\"${PODS_CONFIGURATION_BUILD_DIR}/SnapKit/SnapKit.framework/Headers\"",
					"$(inherited)",
				);
				INFOPLIST_FILE = DailyBookKeeping/Info.plist;
				INFOPLIST_KEY_CFBundleDisplayName = "迷你记账";
				INFOPLIST_KEY_UIApplicationSupportsIndirectInputEvents = YES;
				INFOPLIST_KEY_UILaunchStoryboardName = LaunchScreen;
				INFOPLIST_KEY_UIStatusBarHidden = YES;
				INFOPLIST_KEY_UIStatusBarStyle = "";
				INFOPLIST_KEY_UISupportedInterfaceOrientations = UIInterfaceOrientationPortrait;
				INFOPLIST_KEY_UISupportedInterfaceOrientations_iPad = "UIInterfaceOrientationLandscapeLeft UIInterfaceOrientationLandscapeRight UIInterfaceOrientationPortrait UIInterfaceOrientationPortraitUpsideDown";
				IPHONEOS_DEPLOYMENT_TARGET = 14.0;
				LD_RUNPATH_SEARCH_PATHS = (
					"$(inherited)",
					"@executable_path/Frameworks",
				);
				MARKETING_VERSION = $VERSION;
				OTHER_LDFLAGS = (
					"$(inherited)",
					"-framework",
					"\"SnapKit\"",
				);
				PRODUCT_BUNDLE_IDENTIFIER = com.jiayaning.DailyBookKeeping;
				PRODUCT_NAME = "$(TARGET_NAME)";
				SUPPORTED_PLATFORMS = "iphoneos iphonesimulator";
				SUPPORTS_MACCATALYST = NO;
				SUPPORTS_MAC_DESIGNED_FOR_IPHONE_IPAD = NO;
				SWIFT_EMIT_LOC_STRINGS = YES;
				SWIFT_VERSION = 5.0;
				TARGETED_DEVICE_FAMILY = 1;
				VERSION = $VERSION;
			};
			name = Release;
		};
		344DC3C8299A39D800B8CF78 /* Debug */ = {
			isa = XCBuildConfiguration;
			baseConfigurationReference = F8C2870473D24DB9071CA979 /* Pods-DailyBookKeepingWidgetExtension.debug.xcconfig */;
			buildSettings = {
				ALWAYS_EMBED_SWIFT_STANDARD_LIBRARIES = YES;
				ASSETCATALOG_COMPILER_GLOBAL_ACCENT_COLOR_NAME = AccentColor;
				ASSETCATALOG_COMPILER_WIDGET_BACKGROUND_COLOR_NAME = WidgetBackground;
				CODE_SIGN_ENTITLEMENTS = DailyBookKeepingWidgetExtension.entitlements;
				CODE_SIGN_STYLE = Automatic;
				CURRENT_PROJECT_VERSION = $BUILD_NUMBER;
				DEVELOPMENT_TEAM = 6664853H9Q;
				GENERATE_INFOPLIST_FILE = YES;
				INFOPLIST_FILE = DailyBookKeepingWidget/Info.plist;
				INFOPLIST_KEY_CFBundleDisplayName = DailyBookKeepingWidget;
				INFOPLIST_KEY_NSHumanReadableCopyright = "";
				IPHONEOS_DEPLOYMENT_TARGET = 15.0;
				LD_RUNPATH_SEARCH_PATHS = (
					"$(inherited)",
					"@executable_path/Frameworks",
					"@executable_path/../../Frameworks",
				);
				MARKETING_VERSION = $VERSION;
				PRODUCT_BUNDLE_IDENTIFIER = com.jiayaning.DailyBookKeeping.DailyBookKeepingWidget;
				PRODUCT_NAME = "$(TARGET_NAME)";
				SKIP_INSTALL = YES;
				SWIFT_EMIT_LOC_STRINGS = YES;
				SWIFT_VERSION = 5.0;
				TARGETED_DEVICE_FAMILY = 1;
			};
			name = Debug;
		};
		344DC3C9299A39D800B8CF78 /* Release */ = {
			isa = XCBuildConfiguration;
			baseConfigurationReference = 445D0B03A1D6E5B94F359AF6 /* Pods-DailyBookKeepingWidgetExtension.release.xcconfig */;
			buildSettings = {
				ALWAYS_EMBED_SWIFT_STANDARD_LIBRARIES = YES;
				ASSETCATALOG_COMPILER_GLOBAL_ACCENT_COLOR_NAME = AccentColor;
				ASSETCATALOG_COMPILER_WIDGET_BACKGROUND_COLOR_NAME = WidgetBackground;
				CODE_SIGN_ENTITLEMENTS = DailyBookKeepingWidgetExtension.entitlements;
				CODE_SIGN_STYLE = Automatic;
				CURRENT_PROJECT_VERSION = $BUILD_NUMBER;
				DEVELOPMENT_TEAM = 6664853H9Q;
				GENERATE_INFOPLIST_FILE = YES;
				INFOPLIST_FILE = DailyBookKeepingWidget/Info.plist;
				INFOPLIST_KEY_CFBundleDisplayName = DailyBookKeepingWidget;
				INFOPLIST_KEY_NSHumanReadableCopyright = "";
				IPHONEOS_DEPLOYMENT_TARGET = 15.0;
				LD_RUNPATH_SEARCH_PATHS = (
					"$(inherited)",
					"@executable_path/Frameworks",
					"@executable_path/../../Frameworks",
				);
				MARKETING_VERSION = $VERSION;
				PRODUCT_BUNDLE_IDENTIFIER = com.jiayaning.DailyBookKeeping.DailyBookKeepingWidget;
				PRODUCT_NAME = "$(TARGET_NAME)";
				SKIP_INSTALL = YES;
				SWIFT_EMIT_LOC_STRINGS = YES;
				SWIFT_VERSION = 5.0;
				TARGETED_DEVICE_FAMILY = 1;
			};
			name = Release;
		};
/* End XCBuildConfiguration section */

/* Begin XCConfigurationList section */
		344DC396299A398100B8CF78 /* Build configuration list for PBXProject "DailyBookKeeping" */ = {
			isa = XCConfigurationList;
			buildConfigurations = (
				344DC3AD299A398400B8CF78 /* Debug */,
				344DC3AE299A398400B8CF78 /* Release */,
			);
			defaultConfigurationIsVisible = 0;
			defaultConfigurationName = Release;
		};
		344DC3AF299A398400B8CF78 /* Build configuration list for PBXNativeTarget "DailyBookKeeping" */ = {
			isa = XCConfigurationList;
			buildConfigurations = (
				344DC3B0299A398400B8CF78 /* Debug */,
				344DC3B1299A398400B8CF78 /* Release */,
			);
			defaultConfigurationIsVisible = 0;
			defaultConfigurationName = Release;
		};
		344DC3C7299A39D800B8CF78 /* Build configuration list for PBXNativeTarget "DailyBookKeepingWidgetExtension" */ = {
			isa = XCConfigurationList;
			buildConfigurations = (
				344DC3C8299A39D800B8CF78 /* Debug */,
				344DC3C9299A39D800B8CF78 /* Release */,
			);
			defaultConfigurationIsVisible = 0;
			defaultConfigurationName = Release;
		};
/* End XCConfigurationList section */
	};
	rootObject = 344DC393299A398100B8CF78 /* Project object */;
}
